
Microsoft Visual Studio Solution File, Format Version 12.00
Project("{FAE04EC0-301F-11D3-BF4B-00C04F79EFBC}") = "BauProjekt", "BauProjekt\BauProjekt.csproj", "{C783ADAC-1514-4850-B53B-6055473B5DFE}"
EndProject
Project("{FAE04EC0-301F-11D3-BF4B-00C04F79EFBC}") = "BPTESTS", "BPTESTS\BPTESTS.csproj", "{2042F635-38DE-4CF8-9986-99C51973EC5F}"
EndProject
Global
	GlobalSection(SolutionConfigurationPlatforms) = preSolution
		Debug|Any CPU = Debug|Any CPU
		Release|Any CPU = Release|Any CPU
	EndGlobalSection
	GlobalSection(ProjectConfigurationPlatforms) = postSolution
		{C783ADAC-1514-4850-B53B-6055473B5DFE}.Debug|Any CPU.ActiveCfg = Debug|Any CPU
		{C783ADAC-1514-4850-B53B-6055473B5DFE}.Debug|Any CPU.Build.0 = Debug|Any CPU
		{C783ADAC-1514-4850-B53B-6055473B5DFE}.Release|Any CPU.ActiveCfg = Release|Any CPU
		{C783ADAC-1514-4850-B53B-6055473B5DFE}.Release|Any CPU.Build.0 = Release|Any CPU
		{2042F635-38DE-4CF8-9986-99C51973EC5F}.Debug|Any CPU.ActiveCfg = Debug|Any CPU
		{2042F635-38DE-4CF8-9986-99C51973EC5F}.Debug|Any CPU.Build.0 = Debug|Any CPU
		{2042F635-38DE-4CF8-9986-99C51973EC5F}.Release|Any CPU.ActiveCfg = Release|Any CPU
		{2042F635-38DE-4CF8-9986-99C51973EC5F}.Release|Any CPU.Build.0 = Release|Any CPU
	EndGlobalSection
EndGlobal
